
Microsoft Visual Studio Solution File, Format Version 12.00
# Visual Studio Version 17
VisualStudioVersion = 17.4.33205.214
MinimumVisualStudioVersion = 10.0.40219.1
Project("{FAE04EC0-301F-11D3-BF4B-00C04F79EFBC}") = "Backgammon", "Backgammon\Backgammon.csproj", "{C75C211B-5935-4F5B-8812-4D42964931C4}"
EndProject
Project("{2150E333-8FDC-42A3-9474-1A3956D46DE8}") = "Solution Items", "Solution Items", "{49D9DDD1-132B-46CB-B3C4-AAE4013EF8A4}"
EndProject
Global
	GlobalSection(SolutionConfigurationPlatforms) = preSolution
		Debug|Any CPU = Debug|Any CPU
		Release|Any CPU = Release|Any CPU
	EndGlobalSection
	GlobalSection(ProjectConfigurationPlatforms) = postSolution
		{C75C211B-5935-4F5B-8812-4D42964931C4}.Debug|Any CPU.ActiveCfg = Debug|Any CPU
		{C75C211B-5935-4F5B-8812-4D42964931C4}.Debug|Any CPU.Build.0 = Debug|Any CPU
		{C75C211B-5935-4F5B-8812-4D42964931C4}.Release|Any CPU.ActiveCfg = Release|Any CPU
		{C75C211B-5935-4F5B-8812-4D42964931C4}.Release|Any CPU.Build.0 = Release|Any CPU
	EndGlobalSection
	GlobalSection(SolutionProperties) = preSolution
		HideSolutionNode = FALSE
	EndGlobalSection
	GlobalSection(ExtensibilityGlobals) = postSolution
		SolutionGuid = {D6744859-8C62-4E15-BD39-7B8E53CB64CE}
	EndGlobalSection
EndGlobal
